
Microsoft Visual Studio Solution File, Format Version 12.00
# Visual Studio Version 17
VisualStudioVersion = 17.0.31912.275
MinimumVisualStudioVersion = 10.0.40219.1
Project("{9A19103F-16F7-4668-BE54-9A1E7A4F7556}") = "Day_01", "Day_1\Day_01.csproj", "{B0688F09-1C4C-4FDA-878D-57C879F4A982}"
EndProject
Project("{9A19103F-16F7-4668-BE54-9A1E7A4F7556}") = "Day_02", "Day_2\Day_02.csproj", "{97E519C7-587C-4325-BF70-DE82923FFEF0}"
EndProject
Project("{9A19103F-16F7-4668-BE54-9A1E7A4F7556}") = "Day_03", "Day_3\Day_03.csproj", "{555CE972-BAB8-4680-94DC-ADEB75D7FAE9}"
EndProject
Project("{9A19103F-16F7-4668-BE54-9A1E7A4F7556}") = "Day_04", "Day_4\Day_04.csproj", "{DF666121-D4DA-4A5C-8DBA-05CA7C0EF681}"
EndProject
Project("{9A19103F-16F7-4668-BE54-9A1E7A4F7556}") = "Day_05", "Day_5\Day_05.csproj", "{FEC02239-7720-48B3-826E-AC531986F4E1}"
EndProject
Project("{9A19103F-16F7-4668-BE54-9A1E7A4F7556}") = "Day_06", "Day_6\Day_06.csproj", "{CE0B18CA-181B-4D59-BD97-A15E1B509F05}"
EndProject
Project("{9A19103F-16F7-4668-BE54-9A1E7A4F7556}") = "Day_07", "Day_7\Day_07.csproj", "{FD1CC278-3553-4E65-A1C6-E3C70E05A2CB}"
EndProject
Project("{9A19103F-16F7-4668-BE54-9A1E7A4F7556}") = "Day_08", "Day_8\Day_08.csproj", "{CBFB9B2A-9E67-49E9-BCB9-EFA3293367A3}"
EndProject
Project("{9A19103F-16F7-4668-BE54-9A1E7A4F7556}") = "Day_09", "Day_9\Day_09.csproj", "{56F253E7-3FF7-4AA2-9071-0C8ECE2A86B0}"
EndProject
Project("{9A19103F-16F7-4668-BE54-9A1E7A4F7556}") = "Day_10", "Day_10\Day_10.csproj", "{4B1B07FF-186A-4519-B05B-5F3815E45B95}"
EndProject
Project("{FAE04EC0-301F-11D3-BF4B-00C04F79EFBC}") = "Day_11", "Day_11\Day_11.csproj", "{382476FB-26C9-48E9-A746-667AF3B70A1E}"
EndProject
Global
	GlobalSection(SolutionConfigurationPlatforms) = preSolution
		Debug|Any CPU = Debug|Any CPU
		Release|Any CPU = Release|Any CPU
	EndGlobalSection
	GlobalSection(ProjectConfigurationPlatforms) = postSolution
		{B0688F09-1C4C-4FDA-878D-57C879F4A982}.Debug|Any CPU.ActiveCfg = Debug|Any CPU
		{B0688F09-1C4C-4FDA-878D-57C879F4A982}.Debug|Any CPU.Build.0 = Debug|Any CPU
		{B0688F09-1C4C-4FDA-878D-57C879F4A982}.Release|Any CPU.ActiveCfg = Release|Any CPU
		{B0688F09-1C4C-4FDA-878D-57C879F4A982}.Release|Any CPU.Build.0 = Release|Any CPU
		{97E519C7-587C-4325-BF70-DE82923FFEF0}.Debug|Any CPU.ActiveCfg = Debug|Any CPU
		{97E519C7-587C-4325-BF70-DE82923FFEF0}.Debug|Any CPU.Build.0 = Debug|Any CPU
		{97E519C7-587C-4325-BF70-DE82923FFEF0}.Release|Any CPU.ActiveCfg = Release|Any CPU
		{97E519C7-587C-4325-BF70-DE82923FFEF0}.Release|Any CPU.Build.0 = Release|Any CPU
		{555CE972-BAB8-4680-94DC-ADEB75D7FAE9}.Debug|Any CPU.ActiveCfg = Debug|Any CPU
		{555CE972-BAB8-4680-94DC-ADEB75D7FAE9}.Debug|Any CPU.Build.0 = Debug|Any CPU
		{555CE972-BAB8-4680-94DC-ADEB75D7FAE9}.Release|Any CPU.ActiveCfg = Release|Any CPU
		{555CE972-BAB8-4680-94DC-ADEB75D7FAE9}.Release|Any CPU.Build.0 = Release|Any CPU
		{DF666121-D4DA-4A5C-8DBA-05CA7C0EF681}.Debug|Any CPU.ActiveCfg = Debug|Any CPU
		{DF666121-D4DA-4A5C-8DBA-05CA7C0EF681}.Debug|Any CPU.Build.0 = Debug|Any CPU
		{DF666121-D4DA-4A5C-8DBA-05CA7C0EF681}.Release|Any CPU.ActiveCfg = Release|Any CPU
		{DF666121-D4DA-4A5C-8DBA-05CA7C0EF681}.Release|Any CPU.Build.0 = Release|Any CPU
		{FEC02239-7720-48B3-826E-AC531986F4E1}.Debug|Any CPU.ActiveCfg = Debug|Any CPU
		{FEC02239-7720-48B3-826E-AC531986F4E1}.Debug|Any CPU.Build.0 = Debug|Any CPU
		{FEC02239-7720-48B3-826E-AC531986F4E1}.Release|Any CPU.ActiveCfg = Release|Any CPU
		{FEC02239-7720-48B3-826E-AC531986F4E1}.Release|Any CPU.Build.0 = Release|Any CPU
		{CE0B18CA-181B-4D59-BD97-A15E1B509F05}.Debug|Any CPU.ActiveCfg = Debug|Any CPU
		{CE0B18CA-181B-4D59-BD97-A15E1B509F05}.Debug|Any CPU.Build.0 = Debug|Any CPU
		{CE0B18CA-181B-4D59-BD97-A15E1B509F05}.Release|Any CPU.ActiveCfg = Release|Any CPU
		{CE0B18CA-181B-4D59-BD97-A15E1B509F05}.Release|Any CPU.Build.0 = Release|Any CPU
		{FD1CC278-3553-4E65-A1C6-E3C70E05A2CB}.Debug|Any CPU.ActiveCfg = Debug|Any CPU
		{FD1CC278-3553-4E65-A1C6-E3C70E05A2CB}.Debug|Any CPU.Build.0 = Debug|Any CPU
		{FD1CC278-3553-4E65-A1C6-E3C70E05A2CB}.Release|Any CPU.ActiveCfg = Release|Any CPU
		{FD1CC278-3553-4E65-A1C6-E3C70E05A2CB}.Release|Any CPU.Build.0 = Release|Any CPU
		{CBFB9B2A-9E67-49E9-BCB9-EFA3293367A3}.Debug|Any CPU.ActiveCfg = Debug|Any CPU
		{CBFB9B2A-9E67-49E9-BCB9-EFA3293367A3}.Debug|Any CPU.Build.0 = Debug|Any CPU
		{CBFB9B2A-9E67-49E9-BCB9-EFA3293367A3}.Release|Any CPU.ActiveCfg = Release|Any CPU
		{CBFB9B2A-9E67-49E9-BCB9-EFA3293367A3}.Release|Any CPU.Build.0 = Release|Any CPU
		{56F253E7-3FF7-4AA2-9071-0C8ECE2A86B0}.Debug|Any CPU.ActiveCfg = Debug|Any CPU
		{56F253E7-3FF7-4AA2-9071-0C8ECE2A86B0}.Debug|Any CPU.Build.0 = Debug|Any CPU
		{56F253E7-3FF7-4AA2-9071-0C8ECE2A86B0}.Release|Any CPU.ActiveCfg = Release|Any CPU
		{56F253E7-3FF7-4AA2-9071-0C8ECE2A86B0}.Release|Any CPU.Build.0 = Release|Any CPU
		{4B1B07FF-186A-4519-B05B-5F3815E45B95}.Debug|Any CPU.ActiveCfg = Debug|Any CPU
		{4B1B07FF-186A-4519-B05B-5F3815E45B95}.Debug|Any CPU.Build.0 = Debug|Any CPU
		{4B1B07FF-186A-4519-B05B-5F3815E45B95}.Release|Any CPU.ActiveCfg = Release|Any CPU
		{4B1B07FF-186A-4519-B05B-5F3815E45B95}.Release|Any CPU.Build.0 = Release|Any CPU
		{382476FB-26C9-48E9-A746-667AF3B70A1E}.Debug|Any CPU.ActiveCfg = Debug|Any CPU
		{382476FB-26C9-48E9-A746-667AF3B70A1E}.Debug|Any CPU.Build.0 = Debug|Any CPU
		{382476FB-26C9-48E9-A746-667AF3B70A1E}.Release|Any CPU.ActiveCfg = Release|Any CPU
		{382476FB-26C9-48E9-A746-667AF3B70A1E}.Release|Any CPU.Build.0 = Release|Any CPU
	EndGlobalSection
	GlobalSection(SolutionProperties) = preSolution
		HideSolutionNode = FALSE
	EndGlobalSection
	GlobalSection(ExtensibilityGlobals) = postSolution
		SolutionGuid = {D9D5693E-5EA3-490E-BF55-99C4C2D674E5}
	EndGlobalSection
EndGlobal
