
Microsoft Visual Studio Solution File, Format Version 12.00
# Visual Studio Version 17
VisualStudioVersion = 17.0.31912.275
MinimumVisualStudioVersion = 10.0.40219.1
Project("{9A19103F-16F7-4668-BE54-9A1E7A4F7556}") = "Day_10", "Day_10\Day_10.csproj", "{4B1B07FF-186A-4519-B05B-5F3815E45B95}"
EndProject
Project("{9A19103F-16F7-4668-BE54-9A1E7A4F7556}") = "Day_11", "Day_11\Day_11.csproj", "{382476FB-26C9-48E9-A746-667AF3B70A1E}"
EndProject
Project("{9A19103F-16F7-4668-BE54-9A1E7A4F7556}") = "Day_12", "Day_12\Day_12.csproj", "{A516F234-9B61-46FD-B9EF-59665D35DA22}"
EndProject
Project("{9A19103F-16F7-4668-BE54-9A1E7A4F7556}") = "Day_01", "Day_01\Day_01.csproj", "{465E2C8C-7897-46E5-B226-F1A92BB8351C}"
EndProject
Project("{9A19103F-16F7-4668-BE54-9A1E7A4F7556}") = "Day_02", "Day_02\Day_02.csproj", "{E32D44E5-D52F-48BE-B32C-CBAFAD497570}"
EndProject
Project("{9A19103F-16F7-4668-BE54-9A1E7A4F7556}") = "Day_03", "Day_03\Day_03.csproj", "{8151984E-C81E-4ADF-9B32-4F6D4972A958}"
EndProject
Project("{9A19103F-16F7-4668-BE54-9A1E7A4F7556}") = "Day_04", "Day_04\Day_04.csproj", "{2222CF58-5CB3-46D7-BC81-BA1093B084D5}"
EndProject
Project("{9A19103F-16F7-4668-BE54-9A1E7A4F7556}") = "Day_05", "Day_05\Day_05.csproj", "{18432845-4FA5-423F-8FAC-746035005EF4}"
EndProject
Project("{9A19103F-16F7-4668-BE54-9A1E7A4F7556}") = "Day_06", "Day_06\Day_06.csproj", "{84250E87-82EA-43FD-B0DF-977C476DA593}"
EndProject
Project("{9A19103F-16F7-4668-BE54-9A1E7A4F7556}") = "Day_07", "Day_07\Day_07.csproj", "{59A937BA-BE8E-480F-B28F-75F9D6778956}"
EndProject
Project("{9A19103F-16F7-4668-BE54-9A1E7A4F7556}") = "Day_08", "Day_08\Day_08.csproj", "{F5E12C3A-F778-4020-8F2C-2CE8A08438E4}"
EndProject
Project("{9A19103F-16F7-4668-BE54-9A1E7A4F7556}") = "Day_09", "Day_09\Day_09.csproj", "{235E8900-41A0-49F1-A25C-0809B9870EBA}"
EndProject
Global
	GlobalSection(SolutionConfigurationPlatforms) = preSolution
		Debug|Any CPU = Debug|Any CPU
		Release|Any CPU = Release|Any CPU
	EndGlobalSection
	GlobalSection(ProjectConfigurationPlatforms) = postSolution
		{4B1B07FF-186A-4519-B05B-5F3815E45B95}.Debug|Any CPU.ActiveCfg = Debug|Any CPU
		{4B1B07FF-186A-4519-B05B-5F3815E45B95}.Debug|Any CPU.Build.0 = Debug|Any CPU
		{4B1B07FF-186A-4519-B05B-5F3815E45B95}.Release|Any CPU.ActiveCfg = Release|Any CPU
		{4B1B07FF-186A-4519-B05B-5F3815E45B95}.Release|Any CPU.Build.0 = Release|Any CPU
		{382476FB-26C9-48E9-A746-667AF3B70A1E}.Debug|Any CPU.ActiveCfg = Debug|Any CPU
		{382476FB-26C9-48E9-A746-667AF3B70A1E}.Debug|Any CPU.Build.0 = Debug|Any CPU
		{382476FB-26C9-48E9-A746-667AF3B70A1E}.Release|Any CPU.ActiveCfg = Release|Any CPU
		{382476FB-26C9-48E9-A746-667AF3B70A1E}.Release|Any CPU.Build.0 = Release|Any CPU
		{A516F234-9B61-46FD-B9EF-59665D35DA22}.Debug|Any CPU.ActiveCfg = Debug|Any CPU
		{A516F234-9B61-46FD-B9EF-59665D35DA22}.Debug|Any CPU.Build.0 = Debug|Any CPU
		{A516F234-9B61-46FD-B9EF-59665D35DA22}.Release|Any CPU.ActiveCfg = Release|Any CPU
		{A516F234-9B61-46FD-B9EF-59665D35DA22}.Release|Any CPU.Build.0 = Release|Any CPU
		{465E2C8C-7897-46E5-B226-F1A92BB8351C}.Debug|Any CPU.ActiveCfg = Debug|Any CPU
		{465E2C8C-7897-46E5-B226-F1A92BB8351C}.Debug|Any CPU.Build.0 = Debug|Any CPU
		{465E2C8C-7897-46E5-B226-F1A92BB8351C}.Release|Any CPU.ActiveCfg = Release|Any CPU
		{465E2C8C-7897-46E5-B226-F1A92BB8351C}.Release|Any CPU.Build.0 = Release|Any CPU
		{E32D44E5-D52F-48BE-B32C-CBAFAD497570}.Debug|Any CPU.ActiveCfg = Debug|Any CPU
		{E32D44E5-D52F-48BE-B32C-CBAFAD497570}.Debug|Any CPU.Build.0 = Debug|Any CPU
		{E32D44E5-D52F-48BE-B32C-CBAFAD497570}.Release|Any CPU.ActiveCfg = Release|Any CPU
		{E32D44E5-D52F-48BE-B32C-CBAFAD497570}.Release|Any CPU.Build.0 = Release|Any CPU
		{8151984E-C81E-4ADF-9B32-4F6D4972A958}.Debug|Any CPU.ActiveCfg = Debug|Any CPU
		{8151984E-C81E-4ADF-9B32-4F6D4972A958}.Debug|Any CPU.Build.0 = Debug|Any CPU
		{8151984E-C81E-4ADF-9B32-4F6D4972A958}.Release|Any CPU.ActiveCfg = Release|Any CPU
		{8151984E-C81E-4ADF-9B32-4F6D4972A958}.Release|Any CPU.Build.0 = Release|Any CPU
		{2222CF58-5CB3-46D7-BC81-BA1093B084D5}.Debug|Any CPU.ActiveCfg = Debug|Any CPU
		{2222CF58-5CB3-46D7-BC81-BA1093B084D5}.Debug|Any CPU.Build.0 = Debug|Any CPU
		{2222CF58-5CB3-46D7-BC81-BA1093B084D5}.Release|Any CPU.ActiveCfg = Release|Any CPU
		{2222CF58-5CB3-46D7-BC81-BA1093B084D5}.Release|Any CPU.Build.0 = Release|Any CPU
		{18432845-4FA5-423F-8FAC-746035005EF4}.Debug|Any CPU.ActiveCfg = Debug|Any CPU
		{18432845-4FA5-423F-8FAC-746035005EF4}.Debug|Any CPU.Build.0 = Debug|Any CPU
		{18432845-4FA5-423F-8FAC-746035005EF4}.Release|Any CPU.ActiveCfg = Release|Any CPU
		{18432845-4FA5-423F-8FAC-746035005EF4}.Release|Any CPU.Build.0 = Release|Any CPU
		{84250E87-82EA-43FD-B0DF-977C476DA593}.Debug|Any CPU.ActiveCfg = Debug|Any CPU
		{84250E87-82EA-43FD-B0DF-977C476DA593}.Debug|Any CPU.Build.0 = Debug|Any CPU
		{84250E87-82EA-43FD-B0DF-977C476DA593}.Release|Any CPU.ActiveCfg = Release|Any CPU
		{84250E87-82EA-43FD-B0DF-977C476DA593}.Release|Any CPU.Build.0 = Release|Any CPU
		{59A937BA-BE8E-480F-B28F-75F9D6778956}.Debug|Any CPU.ActiveCfg = Debug|Any CPU
		{59A937BA-BE8E-480F-B28F-75F9D6778956}.Debug|Any CPU.Build.0 = Debug|Any CPU
		{59A937BA-BE8E-480F-B28F-75F9D6778956}.Release|Any CPU.ActiveCfg = Release|Any CPU
		{59A937BA-BE8E-480F-B28F-75F9D6778956}.Release|Any CPU.Build.0 = Release|Any CPU
		{F5E12C3A-F778-4020-8F2C-2CE8A08438E4}.Debug|Any CPU.ActiveCfg = Debug|Any CPU
		{F5E12C3A-F778-4020-8F2C-2CE8A08438E4}.Debug|Any CPU.Build.0 = Debug|Any CPU
		{F5E12C3A-F778-4020-8F2C-2CE8A08438E4}.Release|Any CPU.ActiveCfg = Release|Any CPU
		{F5E12C3A-F778-4020-8F2C-2CE8A08438E4}.Release|Any CPU.Build.0 = Release|Any CPU
		{235E8900-41A0-49F1-A25C-0809B9870EBA}.Debug|Any CPU.ActiveCfg = Debug|Any CPU
		{235E8900-41A0-49F1-A25C-0809B9870EBA}.Debug|Any CPU.Build.0 = Debug|Any CPU
		{235E8900-41A0-49F1-A25C-0809B9870EBA}.Release|Any CPU.ActiveCfg = Release|Any CPU
		{235E8900-41A0-49F1-A25C-0809B9870EBA}.Release|Any CPU.Build.0 = Release|Any CPU
	EndGlobalSection
	GlobalSection(SolutionProperties) = preSolution
		HideSolutionNode = FALSE
	EndGlobalSection
	GlobalSection(ExtensibilityGlobals) = postSolution
		SolutionGuid = {D9D5693E-5EA3-490E-BF55-99C4C2D674E5}
	EndGlobalSection
EndGlobal
